
Microsoft Visual Studio Solution File, Format Version 12.00
# Visual Studio Version 17
VisualStudioVersion = 17.13.36105.23 d17.13
MinimumVisualStudioVersion = 10.0.40219.1
Project("{FAE04EC0-301F-11D3-BF4B-00C04F79EFBC}") = "TwoFactorFBRIP", "TwoFactorFBRIP.csproj", "{B5C6F1DC-7DB6-7331-28F6-33DDAB10D802}"
EndProject
Global
	GlobalSection(SolutionConfigurationPlatforms) = preSolution
		Debug|Any CPU = Debug|Any CPU
		Release|Any CPU = Release|Any CPU
	EndGlobalSection
	GlobalSection(ProjectConfigurationPlatforms) = postSolution
		{B5C6F1DC-7DB6-7331-28F6-33DDAB10D802}.Debug|Any CPU.ActiveCfg = Debug|Any CPU
		{B5C6F1DC-7DB6-7331-28F6-33DDAB10D802}.Debug|Any CPU.Build.0 = Debug|Any CPU
		{B5C6F1DC-7DB6-7331-28F6-33DDAB10D802}.Release|Any CPU.ActiveCfg = Release|Any CPU
		{B5C6F1DC-7DB6-7331-28F6-33DDAB10D802}.Release|Any CPU.Build.0 = Release|Any CPU
	EndGlobalSection
	GlobalSection(SolutionProperties) = preSolution
		HideSolutionNode = FALSE
	EndGlobalSection
	GlobalSection(ExtensibilityGlobals) = postSolution
		SolutionGuid = {4F98A052-A8D2-43DE-8933-DE08DE747C29}
	EndGlobalSection
EndGlobal
